
Microsoft Visual Studio Solution File, Format Version 12.00
# Visual Studio Version 17
VisualStudioVersion = 17.1.32421.90
MinimumVisualStudioVersion = 10.0.40219.1
Project("{9A19103F-16F7-4668-BE54-9A1E7A4F7556}") = "DataAccess", "DataAccess\DataAccess.csproj", "{72D2FA92-DE93-405F-B63B-E34378B5F45D}"
EndProject
Project("{9A19103F-16F7-4668-BE54-9A1E7A4F7556}") = "Bussiness", "Bussiness\Bussiness.csproj", "{C56D7B89-B742-4358-9E59-C40D7C180F90}"
EndProject
Project("{9A19103F-16F7-4668-BE54-9A1E7A4F7556}") = "Entities", "Entities\Entities.csproj", "{28BD9A1E-8295-43B1-9335-15D07CD1FF0F}"
EndProject
Project("{9A19103F-16F7-4668-BE54-9A1E7A4F7556}") = "WebAPI", "WebAPI\WebAPI.csproj", "{C8498B3F-0B45-4685-BA2A-6025C1331CFC}"
EndProject
Project("{FAE04EC0-301F-11D3-BF4B-00C04F79EFBC}") = "Core", "Core\Core.csproj", "{927E8E0E-6141-4234-A8AF-67FA5F0AB4FD}"
EndProject
Global
	GlobalSection(SolutionConfigurationPlatforms) = preSolution
		Debug|Any CPU = Debug|Any CPU
		Release|Any CPU = Release|Any CPU
	EndGlobalSection
	GlobalSection(ProjectConfigurationPlatforms) = postSolution
		{72D2FA92-DE93-405F-B63B-E34378B5F45D}.Debug|Any CPU.ActiveCfg = Debug|Any CPU
		{72D2FA92-DE93-405F-B63B-E34378B5F45D}.Debug|Any CPU.Build.0 = Debug|Any CPU
		{72D2FA92-DE93-405F-B63B-E34378B5F45D}.Release|Any CPU.ActiveCfg = Release|Any CPU
		{72D2FA92-DE93-405F-B63B-E34378B5F45D}.Release|Any CPU.Build.0 = Release|Any CPU
		{C56D7B89-B742-4358-9E59-C40D7C180F90}.Debug|Any CPU.ActiveCfg = Debug|Any CPU
		{C56D7B89-B742-4358-9E59-C40D7C180F90}.Debug|Any CPU.Build.0 = Debug|Any CPU
		{C56D7B89-B742-4358-9E59-C40D7C180F90}.Release|Any CPU.ActiveCfg = Release|Any CPU
		{C56D7B89-B742-4358-9E59-C40D7C180F90}.Release|Any CPU.Build.0 = Release|Any CPU
		{28BD9A1E-8295-43B1-9335-15D07CD1FF0F}.Debug|Any CPU.ActiveCfg = Debug|Any CPU
		{28BD9A1E-8295-43B1-9335-15D07CD1FF0F}.Debug|Any CPU.Build.0 = Debug|Any CPU
		{28BD9A1E-8295-43B1-9335-15D07CD1FF0F}.Release|Any CPU.ActiveCfg = Release|Any CPU
		{28BD9A1E-8295-43B1-9335-15D07CD1FF0F}.Release|Any CPU.Build.0 = Release|Any CPU
		{C8498B3F-0B45-4685-BA2A-6025C1331CFC}.Debug|Any CPU.ActiveCfg = Debug|Any CPU
		{C8498B3F-0B45-4685-BA2A-6025C1331CFC}.Debug|Any CPU.Build.0 = Debug|Any CPU
		{C8498B3F-0B45-4685-BA2A-6025C1331CFC}.Release|Any CPU.ActiveCfg = Release|Any CPU
		{C8498B3F-0B45-4685-BA2A-6025C1331CFC}.Release|Any CPU.Build.0 = Release|Any CPU
		{927E8E0E-6141-4234-A8AF-67FA5F0AB4FD}.Debug|Any CPU.ActiveCfg = Debug|Any CPU
		{927E8E0E-6141-4234-A8AF-67FA5F0AB4FD}.Debug|Any CPU.Build.0 = Debug|Any CPU
		{927E8E0E-6141-4234-A8AF-67FA5F0AB4FD}.Release|Any CPU.ActiveCfg = Release|Any CPU
		{927E8E0E-6141-4234-A8AF-67FA5F0AB4FD}.Release|Any CPU.Build.0 = Release|Any CPU
	EndGlobalSection
	GlobalSection(SolutionProperties) = preSolution
		HideSolutionNode = FALSE
	EndGlobalSection
	GlobalSection(ExtensibilityGlobals) = postSolution
		SolutionGuid = {54FA7D54-B0E3-42C8-8E7F-B8401218973F}
	EndGlobalSection
EndGlobal
